// !$*UTF8*$!
{
	archiveVersion = 1;
	classes = {
	};
	objectVersion = 56;
	objects = {

/* Begin PBXBuildFile section */
		720B936A2C9B074F00B4F98D /* EnterNewPasswordView.swift in Sources */ = {isa = PBXBuildFile; fileRef = 720B93692C9B074F00B4F98D /* EnterNewPasswordView.swift */; };
		720B936C2C9B094B00B4F98D /* GoToHomePageView.swift in Sources */ = {isa = PBXBuildFile; fileRef = 720B936B2C9B094B00B4F98D /* GoToHomePageView.swift */; };
		720B936E2C9B0A4C00B4F98D /* SignUpOrSignInView.swift in Sources */ = {isa = PBXBuildFile; fileRef = 720B936D2C9B0A4C00B4F98D /* SignUpOrSignInView.swift */; };
		726244412CB2C871000BFD00 /* ProductDetailView.swift in Sources */ = {isa = PBXBuildFile; fileRef = 726244402CB2C871000BFD00 /* ProductDetailView.swift */; };
		72658EF32C9D45F000CAFBC4 /* HomePageView.swift in Sources */ = {isa = PBXBuildFile; fileRef = 72658EF22C9D45F000CAFBC4 /* HomePageView.swift */; };
		72658EF52C9E71A500CAFBC4 /* CategorieView.swift in Sources */ = {isa = PBXBuildFile; fileRef = 72658EF42C9E71A500CAFBC4 /* CategorieView.swift */; };
		72658EF72C9E732000CAFBC4 /* SearchView.swift in Sources */ = {isa = PBXBuildFile; fileRef = 72658EF62C9E732000CAFBC4 /* SearchView.swift */; };
		729CD6F42CA1345500F717C6 /* BrandView.swift in Sources */ = {isa = PBXBuildFile; fileRef = 729CD6F32CA1345500F717C6 /* BrandView.swift */; };
		729CD6F62CA1DE1A00F717C6 /* RecentListView.swift in Sources */ = {isa = PBXBuildFile; fileRef = 729CD6F52CA1DE1A00F717C6 /* RecentListView.swift */; };
		729CD6F82CA2E4C700F717C6 /* BrandCheckBoxView.swift in Sources */ = {isa = PBXBuildFile; fileRef = 729CD6F72CA2E4C700F717C6 /* BrandCheckBoxView.swift */; };
		72B005A32C9AA3710007C40C /* LoginView.swift in Sources */ = {isa = PBXBuildFile; fileRef = 72B005A22C9AA3710007C40C /* LoginView.swift */; };
		72B005C32C9AE4AD0007C40C /* ForgetPasswordView.swift in Sources */ = {isa = PBXBuildFile; fileRef = 72B005C22C9AE4AD0007C40C /* ForgetPasswordView.swift */; };
		72B005C52C9AEAA20007C40C /* VerificationCodeView.swift in Sources */ = {isa = PBXBuildFile; fileRef = 72B005C42C9AEAA20007C40C /* VerificationCodeView.swift */; };
		E13641832CA3C0CA00F892EA /* HomePageView.swift in Sources */ = {isa = PBXBuildFile; fileRef = 72658EF22C9D45F000CAFBC4 /* HomePageView.swift */; };
		E13641842CA3C0CA00F892EA /* HomePageView.swift in Sources */ = {isa = PBXBuildFile; fileRef = 72658EF22C9D45F000CAFBC4 /* HomePageView.swift */; };
		E13641852CA3C0CD00F892EA /* BrandCheckBoxView.swift in Sources */ = {isa = PBXBuildFile; fileRef = 729CD6F72CA2E4C700F717C6 /* BrandCheckBoxView.swift */; };
		E13641862CA3C0CD00F892EA /* BrandCheckBoxView.swift in Sources */ = {isa = PBXBuildFile; fileRef = 729CD6F72CA2E4C700F717C6 /* BrandCheckBoxView.swift */; };
		E13641872CA3C0D000F892EA /* RecentListView.swift in Sources */ = {isa = PBXBuildFile; fileRef = 729CD6F52CA1DE1A00F717C6 /* RecentListView.swift */; };
		E13641882CA3C0D000F892EA /* RecentListView.swift in Sources */ = {isa = PBXBuildFile; fileRef = 729CD6F52CA1DE1A00F717C6 /* RecentListView.swift */; };
		E13641892CA3C0D300F892EA /* BrandView.swift in Sources */ = {isa = PBXBuildFile; fileRef = 729CD6F32CA1345500F717C6 /* BrandView.swift */; };
		E136418A2CA3C0D300F892EA /* BrandView.swift in Sources */ = {isa = PBXBuildFile; fileRef = 729CD6F32CA1345500F717C6 /* BrandView.swift */; };
		E136418B2CA3C0D600F892EA /* SearchView.swift in Sources */ = {isa = PBXBuildFile; fileRef = 72658EF62C9E732000CAFBC4 /* SearchView.swift */; };
		E136418C2CA3C0D700F892EA /* SearchView.swift in Sources */ = {isa = PBXBuildFile; fileRef = 72658EF62C9E732000CAFBC4 /* SearchView.swift */; };
		E136418D2CA3C0D900F892EA /* CategorieView.swift in Sources */ = {isa = PBXBuildFile; fileRef = 72658EF42C9E71A500CAFBC4 /* CategorieView.swift */; };
		E136418E2CA3C0DA00F892EA /* CategorieView.swift in Sources */ = {isa = PBXBuildFile; fileRef = 72658EF42C9E71A500CAFBC4 /* CategorieView.swift */; };
		E136418F2CA3C0DE00F892EA /* EcommerceApp.swift in Sources */ = {isa = PBXBuildFile; fileRef = E17EB2612C9A98850071A031 /* EcommerceApp.swift */; };
		E13641902CA3C0DE00F892EA /* EcommerceApp.swift in Sources */ = {isa = PBXBuildFile; fileRef = E17EB2612C9A98850071A031 /* EcommerceApp.swift */; };
		E13641912CA3C0E300F892EA /* SignUpOrSignInView.swift in Sources */ = {isa = PBXBuildFile; fileRef = 720B936D2C9B0A4C00B4F98D /* SignUpOrSignInView.swift */; };
		E13641922CA3C0E300F892EA /* SignUpOrSignInView.swift in Sources */ = {isa = PBXBuildFile; fileRef = 720B936D2C9B0A4C00B4F98D /* SignUpOrSignInView.swift */; };
		E13641932CA3C0E600F892EA /* EnterNewPasswordView.swift in Sources */ = {isa = PBXBuildFile; fileRef = 720B93692C9B074F00B4F98D /* EnterNewPasswordView.swift */; };
		E13641942CA3C0E600F892EA /* EnterNewPasswordView.swift in Sources */ = {isa = PBXBuildFile; fileRef = 720B93692C9B074F00B4F98D /* EnterNewPasswordView.swift */; };
		E13641952CA3C0E900F892EA /* GoToHomePageView.swift in Sources */ = {isa = PBXBuildFile; fileRef = 720B936B2C9B094B00B4F98D /* GoToHomePageView.swift */; };
		E13641962CA3C0E900F892EA /* GoToHomePageView.swift in Sources */ = {isa = PBXBuildFile; fileRef = 720B936B2C9B094B00B4F98D /* GoToHomePageView.swift */; };
		E13641972CA3C0EB00F892EA /* LoginView.swift in Sources */ = {isa = PBXBuildFile; fileRef = 72B005A22C9AA3710007C40C /* LoginView.swift */; };
		E13641982CA3C0EC00F892EA /* LoginView.swift in Sources */ = {isa = PBXBuildFile; fileRef = 72B005A22C9AA3710007C40C /* LoginView.swift */; };
		E13641992CA3C0F100F892EA /* VerificationCodeView.swift in Sources */ = {isa = PBXBuildFile; fileRef = 72B005C42C9AEAA20007C40C /* VerificationCodeView.swift */; };
		E136419A2CA3C0F200F892EA /* VerificationCodeView.swift in Sources */ = {isa = PBXBuildFile; fileRef = 72B005C42C9AEAA20007C40C /* VerificationCodeView.swift */; };
		E136419B2CA3C0F400F892EA /* RegistrationView.swift in Sources */ = {isa = PBXBuildFile; fileRef = E17EB28B2C9A9A6D0071A031 /* RegistrationView.swift */; };
		E136419C2CA3C0F500F892EA /* RegistrationView.swift in Sources */ = {isa = PBXBuildFile; fileRef = E17EB28B2C9A9A6D0071A031 /* RegistrationView.swift */; };
		E136419D2CA3C0F700F892EA /* ForgetPasswordView.swift in Sources */ = {isa = PBXBuildFile; fileRef = 72B005C22C9AE4AD0007C40C /* ForgetPasswordView.swift */; };
		E136419E2CA3C0F700F892EA /* ForgetPasswordView.swift in Sources */ = {isa = PBXBuildFile; fileRef = 72B005C22C9AE4AD0007C40C /* ForgetPasswordView.swift */; };
		E136419F2CA3C0F900F892EA /* ContentView.swift in Sources */ = {isa = PBXBuildFile; fileRef = E17EB2632C9A98850071A031 /* ContentView.swift */; };
		E13641A02CA3C0FA00F892EA /* ContentView.swift in Sources */ = {isa = PBXBuildFile; fileRef = E17EB2632C9A98850071A031 /* ContentView.swift */; };
		E13641A62CA3C48100F892EA /* Bundle+Extension.swift in Sources */ = {isa = PBXBuildFile; fileRef = E13641A52CA3C48100F892EA /* Bundle+Extension.swift */; };
		E13641A72CA3C48100F892EA /* Bundle+Extension.swift in Sources */ = {isa = PBXBuildFile; fileRef = E13641A52CA3C48100F892EA /* Bundle+Extension.swift */; };
		E13641A82CA3C48100F892EA /* Bundle+Extension.swift in Sources */ = {isa = PBXBuildFile; fileRef = E13641A52CA3C48100F892EA /* Bundle+Extension.swift */; };
		E13641AA2CA3C69100F892EA /* Products.json in Resources */ = {isa = PBXBuildFile; fileRef = E13641A92CA3C69100F892EA /* Products.json */; };
		E13641AB2CA3C69100F892EA /* Products.json in Resources */ = {isa = PBXBuildFile; fileRef = E13641A92CA3C69100F892EA /* Products.json */; };
		E13641AC2CA3C69100F892EA /* Products.json in Resources */ = {isa = PBXBuildFile; fileRef = E13641A92CA3C69100F892EA /* Products.json */; };
		E13641AE2CA3CBEA00F892EA /* Product Detail.png in Resources */ = {isa = PBXBuildFile; fileRef = E13641AD2CA3CBEA00F892EA /* Product Detail.png */; };
		E13641AF2CA3CBEA00F892EA /* Product Detail.png in Resources */ = {isa = PBXBuildFile; fileRef = E13641AD2CA3CBEA00F892EA /* Product Detail.png */; };
		E13641B02CA3CBEA00F892EA /* Product Detail.png in Resources */ = {isa = PBXBuildFile; fileRef = E13641AD2CA3CBEA00F892EA /* Product Detail.png */; };
		E13641B22CA3DDD900F892EA /* ProductBannerView.swift in Sources */ = {isa = PBXBuildFile; fileRef = E13641B12CA3DDD900F892EA /* ProductBannerView.swift */; };
		E13641B32CA3DDD900F892EA /* ProductBannerView.swift in Sources */ = {isa = PBXBuildFile; fileRef = E13641B12CA3DDD900F892EA /* ProductBannerView.swift */; };
		E13641B42CA3DDD900F892EA /* ProductBannerView.swift in Sources */ = {isa = PBXBuildFile; fileRef = E13641B12CA3DDD900F892EA /* ProductBannerView.swift */; };
		E13641B62CA3DEF700F892EA /* Products.swift in Sources */ = {isa = PBXBuildFile; fileRef = E13641B52CA3DEF700F892EA /* Products.swift */; };
		E13641B72CA3DEF700F892EA /* Products.swift in Sources */ = {isa = PBXBuildFile; fileRef = E13641B52CA3DEF700F892EA /* Products.swift */; };
		E13641B82CA3DEF800F892EA /* Products.swift in Sources */ = {isa = PBXBuildFile; fileRef = E13641B52CA3DEF700F892EA /* Products.swift */; };
		E17A546E2C9E7AD600C62762 /* Constants.swift in Sources */ = {isa = PBXBuildFile; fileRef = E17A546B2C9E7AD600C62762 /* Constants.swift */; };
		E17A546F2C9E7AD600C62762 /* Constants.swift in Sources */ = {isa = PBXBuildFile; fileRef = E17A546B2C9E7AD600C62762 /* Constants.swift */; };
		E17A54702C9E7AD600C62762 /* Constants.swift in Sources */ = {isa = PBXBuildFile; fileRef = E17A546B2C9E7AD600C62762 /* Constants.swift */; };
		E17A54722C9E7AD600C62762 /* Endpoint.swift in Sources */ = {isa = PBXBuildFile; fileRef = E17A546C2C9E7AD600C62762 /* Endpoint.swift */; };
		E17A54732C9E7AD600C62762 /* Endpoint.swift in Sources */ = {isa = PBXBuildFile; fileRef = E17A546C2C9E7AD600C62762 /* Endpoint.swift */; };
		E17A54742C9E7AD600C62762 /* Response.swift in Sources */ = {isa = PBXBuildFile; fileRef = E17A546D2C9E7AD600C62762 /* Response.swift */; };
		E17A54752C9E7AD600C62762 /* Response.swift in Sources */ = {isa = PBXBuildFile; fileRef = E17A546D2C9E7AD600C62762 /* Response.swift */; };
		E17A54762C9E7AD600C62762 /* Response.swift in Sources */ = {isa = PBXBuildFile; fileRef = E17A546D2C9E7AD600C62762 /* Response.swift */; };
		E17EB2622C9A98850071A031 /* EcommerceApp.swift in Sources */ = {isa = PBXBuildFile; fileRef = E17EB2612C9A98850071A031 /* EcommerceApp.swift */; };
		E17EB2642C9A98850071A031 /* ContentView.swift in Sources */ = {isa = PBXBuildFile; fileRef = E17EB2632C9A98850071A031 /* ContentView.swift */; };
		E17EB2662C9A98870071A031 /* Assets.xcassets in Resources */ = {isa = PBXBuildFile; fileRef = E17EB2652C9A98870071A031 /* Assets.xcassets */; };
		E17EB2692C9A98870071A031 /* Preview Assets.xcassets in Resources */ = {isa = PBXBuildFile; fileRef = E17EB2682C9A98870071A031 /* Preview Assets.xcassets */; };
		E17EB2732C9A98880071A031 /* EcommerceTests.swift in Sources */ = {isa = PBXBuildFile; fileRef = E17EB2722C9A98880071A031 /* EcommerceTests.swift */; };
		E17EB27D2C9A98880071A031 /* EcommerceUITests.swift in Sources */ = {isa = PBXBuildFile; fileRef = E17EB27C2C9A98880071A031 /* EcommerceUITests.swift */; };
		E17EB27F2C9A98880071A031 /* EcommerceUITestsLaunchTests.swift in Sources */ = {isa = PBXBuildFile; fileRef = E17EB27E2C9A98880071A031 /* EcommerceUITestsLaunchTests.swift */; };
		E17EB28C2C9A9A6D0071A031 /* RegistrationView.swift in Sources */ = {isa = PBXBuildFile; fileRef = E17EB28B2C9A9A6D0071A031 /* RegistrationView.swift */; };
		E1875B4F2CB3B7170031C173 /* MainTabView.swift in Sources */ = {isa = PBXBuildFile; fileRef = E1875B4E2CB3B7170031C173 /* MainTabView.swift */; };
		E1875B502CB3B7170031C173 /* MainTabView.swift in Sources */ = {isa = PBXBuildFile; fileRef = E1875B4E2CB3B7170031C173 /* MainTabView.swift */; };
		E1875B512CB3B7170031C173 /* MainTabView.swift in Sources */ = {isa = PBXBuildFile; fileRef = E1875B4E2CB3B7170031C173 /* MainTabView.swift */; };
		E1875B522CB3BC250031C173 /* Endpoint.swift in Sources */ = {isa = PBXBuildFile; fileRef = E17A546C2C9E7AD600C62762 /* Endpoint.swift */; };
		E19FC8762CA3BF87002DD3E3 /* ProductCollectionView.swift in Sources */ = {isa = PBXBuildFile; fileRef = E19FC8722CA3BF87002DD3E3 /* ProductCollectionView.swift */; };
		E19FC8772CA3BF87002DD3E3 /* ProductCollectionView.swift in Sources */ = {isa = PBXBuildFile; fileRef = E19FC8722CA3BF87002DD3E3 /* ProductCollectionView.swift */; };
		E19FC8782CA3BF87002DD3E3 /* ProductCollectionView.swift in Sources */ = {isa = PBXBuildFile; fileRef = E19FC8722CA3BF87002DD3E3 /* ProductCollectionView.swift */; };
		E1C49BBE2C9BF28700125C93 /* Style.swift in Sources */ = {isa = PBXBuildFile; fileRef = E1C49BBD2C9BF28700125C93 /* Style.swift */; };
		E1C49BBF2C9BF28700125C93 /* Style.swift in Sources */ = {isa = PBXBuildFile; fileRef = E1C49BBD2C9BF28700125C93 /* Style.swift */; };
		E1C49BC02C9BF28700125C93 /* Style.swift in Sources */ = {isa = PBXBuildFile; fileRef = E1C49BBD2C9BF28700125C93 /* Style.swift */; };
/* End PBXBuildFile section */

/* Begin PBXContainerItemProxy section */
		E17EB26F2C9A98880071A031 /* PBXContainerItemProxy */ = {
			isa = PBXContainerItemProxy;
			containerPortal = E17EB2562C9A98850071A031 /* Project object */;
			proxyType = 1;
			remoteGlobalIDString = E17EB25D2C9A98850071A031;
			remoteInfo = Ecommerce;
		};
		E17EB2792C9A98880071A031 /* PBXContainerItemProxy */ = {
			isa = PBXContainerItemProxy;
			containerPortal = E17EB2562C9A98850071A031 /* Project object */;
			proxyType = 1;
			remoteGlobalIDString = E17EB25D2C9A98850071A031;
			remoteInfo = Ecommerce;
		};
/* End PBXContainerItemProxy section */

/* Begin PBXFileReference section */
		720B93692C9B074F00B4F98D /* EnterNewPasswordView.swift */ = {isa = PBXFileReference; lastKnownFileType = sourcecode.swift; path = EnterNewPasswordView.swift; sourceTree = "<group>"; };
		720B936B2C9B094B00B4F98D /* GoToHomePageView.swift */ = {isa = PBXFileReference; lastKnownFileType = sourcecode.swift; path = GoToHomePageView.swift; sourceTree = "<group>"; };
		720B936D2C9B0A4C00B4F98D /* SignUpOrSignInView.swift */ = {isa = PBXFileReference; lastKnownFileType = sourcecode.swift; path = SignUpOrSignInView.swift; sourceTree = "<group>"; };
		726244402CB2C871000BFD00 /* ProductDetailView.swift */ = {isa = PBXFileReference; lastKnownFileType = sourcecode.swift; path = ProductDetailView.swift; sourceTree = "<group>"; };
		72658EF22C9D45F000CAFBC4 /* HomePageView.swift */ = {isa = PBXFileReference; lastKnownFileType = sourcecode.swift; path = HomePageView.swift; sourceTree = "<group>"; };
		72658EF42C9E71A500CAFBC4 /* CategorieView.swift */ = {isa = PBXFileReference; lastKnownFileType = sourcecode.swift; path = CategorieView.swift; sourceTree = "<group>"; };
		72658EF62C9E732000CAFBC4 /* SearchView.swift */ = {isa = PBXFileReference; lastKnownFileType = sourcecode.swift; path = SearchView.swift; sourceTree = "<group>"; };
		729CD6F32CA1345500F717C6 /* BrandView.swift */ = {isa = PBXFileReference; lastKnownFileType = sourcecode.swift; path = BrandView.swift; sourceTree = "<group>"; };
		729CD6F52CA1DE1A00F717C6 /* RecentListView.swift */ = {isa = PBXFileReference; lastKnownFileType = sourcecode.swift; path = RecentListView.swift; sourceTree = "<group>"; };
		729CD6F72CA2E4C700F717C6 /* BrandCheckBoxView.swift */ = {isa = PBXFileReference; lastKnownFileType = sourcecode.swift; path = BrandCheckBoxView.swift; sourceTree = "<group>"; };
		72B005A22C9AA3710007C40C /* LoginView.swift */ = {isa = PBXFileReference; lastKnownFileType = sourcecode.swift; path = LoginView.swift; sourceTree = "<group>"; };
		72B005C22C9AE4AD0007C40C /* ForgetPasswordView.swift */ = {isa = PBXFileReference; lastKnownFileType = sourcecode.swift; path = ForgetPasswordView.swift; sourceTree = "<group>"; };
		72B005C42C9AEAA20007C40C /* VerificationCodeView.swift */ = {isa = PBXFileReference; lastKnownFileType = sourcecode.swift; path = VerificationCodeView.swift; sourceTree = "<group>"; };
		E13641A52CA3C48100F892EA /* Bundle+Extension.swift */ = {isa = PBXFileReference; lastKnownFileType = sourcecode.swift; path = "Bundle+Extension.swift"; sourceTree = "<group>"; };
		E13641A92CA3C69100F892EA /* Products.json */ = {isa = PBXFileReference; fileEncoding = 4; lastKnownFileType = text.json; path = Products.json; sourceTree = "<group>"; };
		E13641AD2CA3CBEA00F892EA /* Product Detail.png */ = {isa = PBXFileReference; lastKnownFileType = image.png; path = "Product Detail.png"; sourceTree = "<group>"; };
		E13641B12CA3DDD900F892EA /* ProductBannerView.swift */ = {isa = PBXFileReference; fileEncoding = 4; lastKnownFileType = sourcecode.swift; path = ProductBannerView.swift; sourceTree = "<group>"; };
		E13641B52CA3DEF700F892EA /* Products.swift */ = {isa = PBXFileReference; fileEncoding = 4; lastKnownFileType = sourcecode.swift; path = Products.swift; sourceTree = "<group>"; };
		E17A546B2C9E7AD600C62762 /* Constants.swift */ = {isa = PBXFileReference; fileEncoding = 4; lastKnownFileType = sourcecode.swift; path = Constants.swift; sourceTree = "<group>"; };
		E17A546C2C9E7AD600C62762 /* Endpoint.swift */ = {isa = PBXFileReference; fileEncoding = 4; lastKnownFileType = sourcecode.swift; path = Endpoint.swift; sourceTree = "<group>"; };
		E17A546D2C9E7AD600C62762 /* Response.swift */ = {isa = PBXFileReference; fileEncoding = 4; lastKnownFileType = sourcecode.swift; path = Response.swift; sourceTree = "<group>"; };
		E17EB25E2C9A98850071A031 /* Ecommerce.app */ = {isa = PBXFileReference; explicitFileType = wrapper.application; includeInIndex = 0; path = Ecommerce.app; sourceTree = BUILT_PRODUCTS_DIR; };
		E17EB2612C9A98850071A031 /* EcommerceApp.swift */ = {isa = PBXFileReference; lastKnownFileType = sourcecode.swift; path = EcommerceApp.swift; sourceTree = "<group>"; };
		E17EB2632C9A98850071A031 /* ContentView.swift */ = {isa = PBXFileReference; lastKnownFileType = sourcecode.swift; path = ContentView.swift; sourceTree = "<group>"; };
		E17EB2652C9A98870071A031 /* Assets.xcassets */ = {isa = PBXFileReference; lastKnownFileType = folder.assetcatalog; path = Assets.xcassets; sourceTree = "<group>"; };
		E17EB2682C9A98870071A031 /* Preview Assets.xcassets */ = {isa = PBXFileReference; lastKnownFileType = folder.assetcatalog; path = "Preview Assets.xcassets"; sourceTree = "<group>"; };
		E17EB26E2C9A98880071A031 /* EcommerceTests.xctest */ = {isa = PBXFileReference; explicitFileType = wrapper.cfbundle; includeInIndex = 0; path = EcommerceTests.xctest; sourceTree = BUILT_PRODUCTS_DIR; };
		E17EB2722C9A98880071A031 /* EcommerceTests.swift */ = {isa = PBXFileReference; lastKnownFileType = sourcecode.swift; path = EcommerceTests.swift; sourceTree = "<group>"; };
		E17EB2782C9A98880071A031 /* EcommerceUITests.xctest */ = {isa = PBXFileReference; explicitFileType = wrapper.cfbundle; includeInIndex = 0; path = EcommerceUITests.xctest; sourceTree = BUILT_PRODUCTS_DIR; };
		E17EB27C2C9A98880071A031 /* EcommerceUITests.swift */ = {isa = PBXFileReference; lastKnownFileType = sourcecode.swift; path = EcommerceUITests.swift; sourceTree = "<group>"; };
		E17EB27E2C9A98880071A031 /* EcommerceUITestsLaunchTests.swift */ = {isa = PBXFileReference; lastKnownFileType = sourcecode.swift; path = EcommerceUITestsLaunchTests.swift; sourceTree = "<group>"; };
		E17EB28B2C9A9A6D0071A031 /* RegistrationView.swift */ = {isa = PBXFileReference; lastKnownFileType = sourcecode.swift; path = RegistrationView.swift; sourceTree = "<group>"; };
		E1875B4E2CB3B7170031C173 /* MainTabView.swift */ = {isa = PBXFileReference; fileEncoding = 4; lastKnownFileType = sourcecode.swift; name = MainTabView.swift; path = Ecommerce/MainHomePages/MainTabView.swift; sourceTree = SOURCE_ROOT; };
		E19FC8722CA3BF87002DD3E3 /* ProductCollectionView.swift */ = {isa = PBXFileReference; fileEncoding = 4; lastKnownFileType = sourcecode.swift; path = ProductCollectionView.swift; sourceTree = "<group>"; };
		E1C49BBD2C9BF28700125C93 /* Style.swift */ = {isa = PBXFileReference; lastKnownFileType = sourcecode.swift; path = Style.swift; sourceTree = "<group>"; };
		E1CD0FAA2CA26FBA00B69C05 /* ProductCollectionView.swift */ = {isa = PBXFileReference; lastKnownFileType = sourcecode.swift; path = ProductCollectionView.swift; sourceTree = "<group>"; };
		E1CD0FAE2CA26FE000B69C05 /* ProductBannerView.swift */ = {isa = PBXFileReference; lastKnownFileType = sourcecode.swift; path = ProductBannerView.swift; sourceTree = "<group>"; };
/* End PBXFileReference section */

/* Begin PBXFrameworksBuildPhase section */
		E17EB25B2C9A98850071A031 /* Frameworks */ = {
			isa = PBXFrameworksBuildPhase;
			buildActionMask = 2147483647;
			files = (
			);
			runOnlyForDeploymentPostprocessing = 0;
		};
		E17EB26B2C9A98880071A031 /* Frameworks */ = {
			isa = PBXFrameworksBuildPhase;
			buildActionMask = 2147483647;
			files = (
			);
			runOnlyForDeploymentPostprocessing = 0;
		};
		E17EB2752C9A98880071A031 /* Frameworks */ = {
			isa = PBXFrameworksBuildPhase;
			buildActionMask = 2147483647;
			files = (
			);
			runOnlyForDeploymentPostprocessing = 0;
		};
/* End PBXFrameworksBuildPhase section */

/* Begin PBXGroup section */
		720B93702C9BE53100B4F98D /* MainHomePages */ = {
			isa = PBXGroup;
			children = (
				E1C49BC12C9BF3FE00125C93 /* Helper */,
				E1875AE42CA6624D0031C173 /* Product View */,
				E1875AE32CA662130031C173 /* Login */,
				E1875AE22CA661F10031C173 /* Home View */,
				729CD6F72CA2E4C700F717C6 /* BrandCheckBoxView.swift */,
				729CD6F52CA1DE1A00F717C6 /* RecentListView.swift */,
				729CD6F32CA1345500F717C6 /* BrandView.swift */,
				72658EF62C9E732000CAFBC4 /* SearchView.swift */,
				72658EF42C9E71A500CAFBC4 /* CategorieView.swift */,
			);
			path = MainHomePages;
			sourceTree = "<group>";
		};
		E17EB2552C9A98850071A031 = {
			isa = PBXGroup;
			children = (
				E17EB2602C9A98850071A031 /* Ecommerce */,
				E17EB2712C9A98880071A031 /* EcommerceTests */,
				E17EB27B2C9A98880071A031 /* EcommerceUITests */,
				E17EB25F2C9A98850071A031 /* Products */,
				E19FC8702CA3BF6D002DD3E3 /* Recovered References */,
			);
			sourceTree = "<group>";
		};
		E17EB25F2C9A98850071A031 /* Products */ = {
			isa = PBXGroup;
			children = (
				E17EB25E2C9A98850071A031 /* Ecommerce.app */,
				E17EB26E2C9A98880071A031 /* EcommerceTests.xctest */,
				E17EB2782C9A98880071A031 /* EcommerceUITests.xctest */,
			);
			name = Products;
			sourceTree = "<group>";
		};
		E17EB2602C9A98850071A031 /* Ecommerce */ = {
			isa = PBXGroup;
			children = (
				E17EB2612C9A98850071A031 /* EcommerceApp.swift */,
				E17EB2632C9A98850071A031 /* ContentView.swift */,
				720B93702C9BE53100B4F98D /* MainHomePages */,
				720B936D2C9B0A4C00B4F98D /* SignUpOrSignInView.swift */,
				720B936B2C9B094B00B4F98D /* GoToHomePageView.swift */,
				72B005C42C9AEAA20007C40C /* VerificationCodeView.swift */,
				E17EB28B2C9A9A6D0071A031 /* RegistrationView.swift */,
				72B005C22C9AE4AD0007C40C /* ForgetPasswordView.swift */,
				E13641A92CA3C69100F892EA /* Products.json */,
				E13641AD2CA3CBEA00F892EA /* Product Detail.png */,
				E17EB2652C9A98870071A031 /* Assets.xcassets */,
				E17EB2672C9A98870071A031 /* Preview Content */,
			);
			path = Ecommerce;
			sourceTree = "<group>";
		};
		E17EB2672C9A98870071A031 /* Preview Content */ = {
			isa = PBXGroup;
			children = (
				E17EB2682C9A98870071A031 /* Preview Assets.xcassets */,
			);
			path = "Preview Content";
			sourceTree = "<group>";
		};
		E17EB2712C9A98880071A031 /* EcommerceTests */ = {
			isa = PBXGroup;
			children = (
				E17EB2722C9A98880071A031 /* EcommerceTests.swift */,
			);
			path = EcommerceTests;
			sourceTree = "<group>";
		};
		E17EB27B2C9A98880071A031 /* EcommerceUITests */ = {
			isa = PBXGroup;
			children = (
				E17EB27C2C9A98880071A031 /* EcommerceUITests.swift */,
				E17EB27E2C9A98880071A031 /* EcommerceUITestsLaunchTests.swift */,
			);
			path = EcommerceUITests;
			sourceTree = "<group>";
		};
		E1875AE22CA661F10031C173 /* Home View */ = {
			isa = PBXGroup;
			children = (
				E1875B4E2CB3B7170031C173 /* MainTabView.swift */,
				72658EF22C9D45F000CAFBC4 /* HomePageView.swift */,
			);
			path = "Home View";
			sourceTree = "<group>";
		};
		E1875AE32CA662130031C173 /* Login */ = {
			isa = PBXGroup;
			children = (
				720B93692C9B074F00B4F98D /* EnterNewPasswordView.swift */,
				72B005A22C9AA3710007C40C /* LoginView.swift */,
			);
			path = Login;
			sourceTree = "<group>";
		};
		E1875AE42CA6624D0031C173 /* Product View */ = {
			isa = PBXGroup;
			children = (
				E13641B12CA3DDD900F892EA /* ProductBannerView.swift */,
				726244402CB2C871000BFD00 /* ProductDetailView.swift */,
				E19FC8722CA3BF87002DD3E3 /* ProductCollectionView.swift */,
				E13641B52CA3DEF700F892EA /* Products.swift */,
			);
			path = "Product View";
			sourceTree = "<group>";
		};
		E19FC8702CA3BF6D002DD3E3 /* Recovered References */ = {
			isa = PBXGroup;
			children = (
				E1CD0FAA2CA26FBA00B69C05 /* ProductCollectionView.swift */,
				E1CD0FAE2CA26FE000B69C05 /* ProductBannerView.swift */,
			);
			name = "Recovered References";
			sourceTree = "<group>";
		};
		E1C49BC12C9BF3FE00125C93 /* Helper */ = {
			isa = PBXGroup;
			children = (
				E17A546B2C9E7AD600C62762 /* Constants.swift */,
				E17A546C2C9E7AD600C62762 /* Endpoint.swift */,
				E17A546D2C9E7AD600C62762 /* Response.swift */,
				E1C49BBD2C9BF28700125C93 /* Style.swift */,
				E13641A52CA3C48100F892EA /* Bundle+Extension.swift */,
			);
			path = Helper;
			sourceTree = "<group>";
		};
/* End PBXGroup section */

/* Begin PBXNativeTarget section */
		E17EB25D2C9A98850071A031 /* Ecommerce */ = {
			isa = PBXNativeTarget;
			buildConfigurationList = E17EB2822C9A98880071A031 /* Build configuration list for PBXNativeTarget "Ecommerce" */;
			buildPhases = (
				E17EB25A2C9A98850071A031 /* Sources */,
				E17EB25B2C9A98850071A031 /* Frameworks */,
				E17EB25C2C9A98850071A031 /* Resources */,
			);
			buildRules = (
			);
			dependencies = (
			);
			name = Ecommerce;
			productName = Ecommerce;
			productReference = E17EB25E2C9A98850071A031 /* Ecommerce.app */;
			productType = "com.apple.product-type.application";
		};
		E17EB26D2C9A98880071A031 /* EcommerceTests */ = {
			isa = PBXNativeTarget;
			buildConfigurationList = E17EB2852C9A98880071A031 /* Build configuration list for PBXNativeTarget "EcommerceTests" */;
			buildPhases = (
				E17EB26A2C9A98880071A031 /* Sources */,
				E17EB26B2C9A98880071A031 /* Frameworks */,
				E17EB26C2C9A98880071A031 /* Resources */,
			);
			buildRules = (
			);
			dependencies = (
				E17EB2702C9A98880071A031 /* PBXTargetDependency */,
			);
			name = EcommerceTests;
			productName = EcommerceTests;
			productReference = E17EB26E2C9A98880071A031 /* EcommerceTests.xctest */;
			productType = "com.apple.product-type.bundle.unit-test";
		};
		E17EB2772C9A98880071A031 /* EcommerceUITests */ = {
			isa = PBXNativeTarget;
			buildConfigurationList = E17EB2882C9A98880071A031 /* Build configuration list for PBXNativeTarget "EcommerceUITests" */;
			buildPhases = (
				E17EB2742C9A98880071A031 /* Sources */,
				E17EB2752C9A98880071A031 /* Frameworks */,
				E17EB2762C9A98880071A031 /* Resources */,
			);
			buildRules = (
			);
			dependencies = (
				E17EB27A2C9A98880071A031 /* PBXTargetDependency */,
			);
			name = EcommerceUITests;
			productName = EcommerceUITests;
			productReference = E17EB2782C9A98880071A031 /* EcommerceUITests.xctest */;
			productType = "com.apple.product-type.bundle.ui-testing";
		};
/* End PBXNativeTarget section */

/* Begin PBXProject section */
		E17EB2562C9A98850071A031 /* Project object */ = {
			isa = PBXProject;
			attributes = {
				BuildIndependentTargetsInParallel = 1;
				LastSwiftUpdateCheck = 1540;
				LastUpgradeCheck = 1540;
				TargetAttributes = {
					E17EB25D2C9A98850071A031 = {
						CreatedOnToolsVersion = 15.4;
					};
					E17EB26D2C9A98880071A031 = {
						CreatedOnToolsVersion = 15.4;
						TestTargetID = E17EB25D2C9A98850071A031;
					};
					E17EB2772C9A98880071A031 = {
						CreatedOnToolsVersion = 15.4;
						TestTargetID = E17EB25D2C9A98850071A031;
					};
				};
			};
			buildConfigurationList = E17EB2592C9A98850071A031 /* Build configuration list for PBXProject "Ecommerce" */;
			compatibilityVersion = "Xcode 14.0";
			developmentRegion = en;
			hasScannedForEncodings = 0;
			knownRegions = (
				en,
				Base,
			);
			mainGroup = E17EB2552C9A98850071A031;
			productRefGroup = E17EB25F2C9A98850071A031 /* Products */;
			projectDirPath = "";
			projectRoot = "";
			targets = (
				E17EB25D2C9A98850071A031 /* Ecommerce */,
				E17EB26D2C9A98880071A031 /* EcommerceTests */,
				E17EB2772C9A98880071A031 /* EcommerceUITests */,
			);
		};
/* End PBXProject section */

/* Begin PBXResourcesBuildPhase section */
		E17EB25C2C9A98850071A031 /* Resources */ = {
			isa = PBXResourcesBuildPhase;
			buildActionMask = 2147483647;
			files = (
				E13641AE2CA3CBEA00F892EA /* Product Detail.png in Resources */,
				E17EB2692C9A98870071A031 /* Preview Assets.xcassets in Resources */,
				E17EB2662C9A98870071A031 /* Assets.xcassets in Resources */,
				E13641AA2CA3C69100F892EA /* Products.json in Resources */,
			);
			runOnlyForDeploymentPostprocessing = 0;
		};
		E17EB26C2C9A98880071A031 /* Resources */ = {
			isa = PBXResourcesBuildPhase;
			buildActionMask = 2147483647;
			files = (
				E13641AF2CA3CBEA00F892EA /* Product Detail.png in Resources */,
				E13641AB2CA3C69100F892EA /* Products.json in Resources */,
			);
			runOnlyForDeploymentPostprocessing = 0;
		};
		E17EB2762C9A98880071A031 /* Resources */ = {
			isa = PBXResourcesBuildPhase;
			buildActionMask = 2147483647;
			files = (
				E13641B02CA3CBEA00F892EA /* Product Detail.png in Resources */,
				E13641AC2CA3C69100F892EA /* Products.json in Resources */,
			);
			runOnlyForDeploymentPostprocessing = 0;
		};
/* End PBXResourcesBuildPhase section */

/* Begin PBXSourcesBuildPhase section */
		E17EB25A2C9A98850071A031 /* Sources */ = {
			isa = PBXSourcesBuildPhase;
			buildActionMask = 2147483647;
			files = (
				72B005C52C9AEAA20007C40C /* VerificationCodeView.swift in Sources */,
				E13641B62CA3DEF700F892EA /* Products.swift in Sources */,
				E17A546E2C9E7AD600C62762 /* Constants.swift in Sources */,
				72B005C32C9AE4AD0007C40C /* ForgetPasswordView.swift in Sources */,
				E13641A62CA3C48100F892EA /* Bundle+Extension.swift in Sources */,
				E17EB28C2C9A9A6D0071A031 /* RegistrationView.swift in Sources */,
				720B936C2C9B094B00B4F98D /* GoToHomePageView.swift in Sources */,
				E17EB2642C9A98850071A031 /* ContentView.swift in Sources */,
				E17A54742C9E7AD600C62762 /* Response.swift in Sources */,
				720B936E2C9B0A4C00B4F98D /* SignUpOrSignInView.swift in Sources */,
				720B936A2C9B074F00B4F98D /* EnterNewPasswordView.swift in Sources */,
				E1875B4F2CB3B7170031C173 /* MainTabView.swift in Sources */,
				729CD6F62CA1DE1A00F717C6 /* RecentListView.swift in Sources */,
				729CD6F42CA1345500F717C6 /* BrandView.swift in Sources */,
				E17EB2622C9A98850071A031 /* EcommerceApp.swift in Sources */,
				72658EF72C9E732000CAFBC4 /* SearchView.swift in Sources */,
				729CD6F82CA2E4C700F717C6 /* BrandCheckBoxView.swift in Sources */,
				726244412CB2C871000BFD00 /* ProductDetailView.swift in Sources */,
				E19FC8762CA3BF87002DD3E3 /* ProductCollectionView.swift in Sources */,
				72658EF52C9E71A500CAFBC4 /* CategorieView.swift in Sources */,
				72B005A32C9AA3710007C40C /* LoginView.swift in Sources */,
				72658EF32C9D45F000CAFBC4 /* HomePageView.swift in Sources */,
				E13641B22CA3DDD900F892EA /* ProductBannerView.swift in Sources */,
				E1C49BBE2C9BF28700125C93 /* Style.swift in Sources */,
				E1875B522CB3BC250031C173 /* Endpoint.swift in Sources */,
			);
			runOnlyForDeploymentPostprocessing = 0;
		};
		E17EB26A2C9A98880071A031 /* Sources */ = {
			isa = PBXSourcesBuildPhase;
			buildActionMask = 2147483647;
			files = (
				E13641892CA3C0D300F892EA /* BrandView.swift in Sources */,
				E136419F2CA3C0F900F892EA /* ContentView.swift in Sources */,
				E13641A72CA3C48100F892EA /* Bundle+Extension.swift in Sources */,
				E17EB2732C9A98880071A031 /* EcommerceTests.swift in Sources */,
				E136419B2CA3C0F400F892EA /* RegistrationView.swift in Sources */,
				E19FC8772CA3BF87002DD3E3 /* ProductCollectionView.swift in Sources */,
				E13641872CA3C0D000F892EA /* RecentListView.swift in Sources */,
				E13641992CA3C0F100F892EA /* VerificationCodeView.swift in Sources */,
				E1C49BBF2C9BF28700125C93 /* Style.swift in Sources */,
				E13641912CA3C0E300F892EA /* SignUpOrSignInView.swift in Sources */,
				E17A54722C9E7AD600C62762 /* Endpoint.swift in Sources */,
				E13641952CA3C0E900F892EA /* GoToHomePageView.swift in Sources */,
				E13641852CA3C0CD00F892EA /* BrandCheckBoxView.swift in Sources */,
				E136418F2CA3C0DE00F892EA /* EcommerceApp.swift in Sources */,
				E136418B2CA3C0D600F892EA /* SearchView.swift in Sources */,
				E13641B32CA3DDD900F892EA /* ProductBannerView.swift in Sources */,
				E136419D2CA3C0F700F892EA /* ForgetPasswordView.swift in Sources */,
				E13641972CA3C0EB00F892EA /* LoginView.swift in Sources */,
				E136418D2CA3C0D900F892EA /* CategorieView.swift in Sources */,
				E1875B502CB3B7170031C173 /* MainTabView.swift in Sources */,
				E17A546F2C9E7AD600C62762 /* Constants.swift in Sources */,
				E13641932CA3C0E600F892EA /* EnterNewPasswordView.swift in Sources */,
				E13641B72CA3DEF700F892EA /* Products.swift in Sources */,
				E13641832CA3C0CA00F892EA /* HomePageView.swift in Sources */,
				E17A54752C9E7AD600C62762 /* Response.swift in Sources */,
			);
			runOnlyForDeploymentPostprocessing = 0;
		};
		E17EB2742C9A98880071A031 /* Sources */ = {
			isa = PBXSourcesBuildPhase;
			buildActionMask = 2147483647;
			files = (
				E19FC8782CA3BF87002DD3E3 /* ProductCollectionView.swift in Sources */,
				E13641A82CA3C48100F892EA /* Bundle+Extension.swift in Sources */,
				E13641B82CA3DEF800F892EA /* Products.swift in Sources */,
				E13641902CA3C0DE00F892EA /* EcommerceApp.swift in Sources */,
				E17EB27D2C9A98880071A031 /* EcommerceUITests.swift in Sources */,
				E1C49BC02C9BF28700125C93 /* Style.swift in Sources */,
				E136419E2CA3C0F700F892EA /* ForgetPasswordView.swift in Sources */,
				E1875B512CB3B7170031C173 /* MainTabView.swift in Sources */,
				E17EB27F2C9A98880071A031 /* EcommerceUITestsLaunchTests.swift in Sources */,
				E13641922CA3C0E300F892EA /* SignUpOrSignInView.swift in Sources */,
				E17A54702C9E7AD600C62762 /* Constants.swift in Sources */,
				E13641982CA3C0EC00F892EA /* LoginView.swift in Sources */,
				E13641A02CA3C0FA00F892EA /* ContentView.swift in Sources */,
				E13641962CA3C0E900F892EA /* GoToHomePageView.swift in Sources */,
				E17A54762C9E7AD600C62762 /* Response.swift in Sources */,
				E136418A2CA3C0D300F892EA /* BrandView.swift in Sources */,
				E136419A2CA3C0F200F892EA /* VerificationCodeView.swift in Sources */,
				E136419C2CA3C0F500F892EA /* RegistrationView.swift in Sources */,
				E13641842CA3C0CA00F892EA /* HomePageView.swift in Sources */,
				E136418E2CA3C0DA00F892EA /* CategorieView.swift in Sources */,
				E136418C2CA3C0D700F892EA /* SearchView.swift in Sources */,
				E17A54732C9E7AD600C62762 /* Endpoint.swift in Sources */,
				E13641862CA3C0CD00F892EA /* BrandCheckBoxView.swift in Sources */,
				E13641882CA3C0D000F892EA /* RecentListView.swift in Sources */,
				E13641B42CA3DDD900F892EA /* ProductBannerView.swift in Sources */,
				E13641942CA3C0E600F892EA /* EnterNewPasswordView.swift in Sources */,
			);
			runOnlyForDeploymentPostprocessing = 0;
		};
/* End PBXSourcesBuildPhase section */

/* Begin PBXTargetDependency section */
		E17EB2702C9A98880071A031 /* PBXTargetDependency */ = {
			isa = PBXTargetDependency;
			target = E17EB25D2C9A98850071A031 /* Ecommerce */;
			targetProxy = E17EB26F2C9A98880071A031 /* PBXContainerItemProxy */;
		};
		E17EB27A2C9A98880071A031 /* PBXTargetDependency */ = {
			isa = PBXTargetDependency;
			target = E17EB25D2C9A98850071A031 /* Ecommerce */;
			targetProxy = E17EB2792C9A98880071A031 /* PBXContainerItemProxy */;
		};
/* End PBXTargetDependency section */

/* Begin XCBuildConfiguration section */
		E17EB2802C9A98880071A031 /* Debug */ = {
			isa = XCBuildConfiguration;
			buildSettings = {
				ALWAYS_SEARCH_USER_PATHS = NO;
				ASSETCATALOG_COMPILER_GENERATE_SWIFT_ASSET_SYMBOL_EXTENSIONS = YES;
				CLANG_ANALYZER_NONNULL = YES;
				CLANG_ANALYZER_NUMBER_OBJECT_CONVERSION = YES_AGGRESSIVE;
				CLANG_CXX_LANGUAGE_STANDARD = "gnu++20";
				CLANG_ENABLE_MODULES = YES;
				CLANG_ENABLE_OBJC_ARC = YES;
				CLANG_ENABLE_OBJC_WEAK = YES;
				CLANG_WARN_BLOCK_CAPTURE_AUTORELEASING = YES;
				CLANG_WARN_BOOL_CONVERSION = YES;
				CLANG_WARN_COMMA = YES;
				CLANG_WARN_CONSTANT_CONVERSION = YES;
				CLANG_WARN_DEPRECATED_OBJC_IMPLEMENTATIONS = YES;
				CLANG_WARN_DIRECT_OBJC_ISA_USAGE = YES_ERROR;
				CLANG_WARN_DOCUMENTATION_COMMENTS = YES;
				CLANG_WARN_EMPTY_BODY = YES;
				CLANG_WARN_ENUM_CONVERSION = YES;
				CLANG_WARN_INFINITE_RECURSION = YES;
				CLANG_WARN_INT_CONVERSION = YES;
				CLANG_WARN_NON_LITERAL_NULL_CONVERSION = YES;
				CLANG_WARN_OBJC_IMPLICIT_RETAIN_SELF = YES;
				CLANG_WARN_OBJC_LITERAL_CONVERSION = YES;
				CLANG_WARN_OBJC_ROOT_CLASS = YES_ERROR;
				CLANG_WARN_QUOTED_INCLUDE_IN_FRAMEWORK_HEADER = YES;
				CLANG_WARN_RANGE_LOOP_ANALYSIS = YES;
				CLANG_WARN_STRICT_PROTOTYPES = YES;
				CLANG_WARN_SUSPICIOUS_MOVE = YES;
				CLANG_WARN_UNGUARDED_AVAILABILITY = YES_AGGRESSIVE;
				CLANG_WARN_UNREACHABLE_CODE = YES;
				CLANG_WARN__DUPLICATE_METHOD_MATCH = YES;
				COPY_PHASE_STRIP = NO;
				DEBUG_INFORMATION_FORMAT = dwarf;
				ENABLE_STRICT_OBJC_MSGSEND = YES;
				ENABLE_TESTABILITY = YES;
				ENABLE_USER_SCRIPT_SANDBOXING = YES;
				GCC_C_LANGUAGE_STANDARD = gnu17;
				GCC_DYNAMIC_NO_PIC = NO;
				GCC_NO_COMMON_BLOCKS = YES;
				GCC_OPTIMIZATION_LEVEL = 0;
				GCC_PREPROCESSOR_DEFINITIONS = (
					"DEBUG=1",
					"$(inherited)",
				);
				GCC_WARN_64_TO_32_BIT_CONVERSION = YES;
				GCC_WARN_ABOUT_RETURN_TYPE = YES_ERROR;
				GCC_WARN_UNDECLARED_SELECTOR = YES;
				GCC_WARN_UNINITIALIZED_AUTOS = YES_AGGRESSIVE;
				GCC_WARN_UNUSED_FUNCTION = YES;
				GCC_WARN_UNUSED_VARIABLE = YES;
				IPHONEOS_DEPLOYMENT_TARGET = 17.5;
				LOCALIZATION_PREFERS_STRING_CATALOGS = YES;
				MTL_ENABLE_DEBUG_INFO = INCLUDE_SOURCE;
				MTL_FAST_MATH = YES;
				ONLY_ACTIVE_ARCH = YES;
				SDKROOT = iphoneos;
				SWIFT_ACTIVE_COMPILATION_CONDITIONS = "DEBUG $(inherited)";
				SWIFT_OPTIMIZATION_LEVEL = "-Onone";
			};
			name = Debug;
		};
		E17EB2812C9A98880071A031 /* Release */ = {
			isa = XCBuildConfiguration;
			buildSettings = {
				ALWAYS_SEARCH_USER_PATHS = NO;
				ASSETCATALOG_COMPILER_GENERATE_SWIFT_ASSET_SYMBOL_EXTENSIONS = YES;
				CLANG_ANALYZER_NONNULL = YES;
				CLANG_ANALYZER_NUMBER_OBJECT_CONVERSION = YES_AGGRESSIVE;
				CLANG_CXX_LANGUAGE_STANDARD = "gnu++20";
				CLANG_ENABLE_MODULES = YES;
				CLANG_ENABLE_OBJC_ARC = YES;
				CLANG_ENABLE_OBJC_WEAK = YES;
				CLANG_WARN_BLOCK_CAPTURE_AUTORELEASING = YES;
				CLANG_WARN_BOOL_CONVERSION = YES;
				CLANG_WARN_COMMA = YES;
				CLANG_WARN_CONSTANT_CONVERSION = YES;
				CLANG_WARN_DEPRECATED_OBJC_IMPLEMENTATIONS = YES;
				CLANG_WARN_DIRECT_OBJC_ISA_USAGE = YES_ERROR;
				CLANG_WARN_DOCUMENTATION_COMMENTS = YES;
				CLANG_WARN_EMPTY_BODY = YES;
				CLANG_WARN_ENUM_CONVERSION = YES;
				CLANG_WARN_INFINITE_RECURSION = YES;
				CLANG_WARN_INT_CONVERSION = YES;
				CLANG_WARN_NON_LITERAL_NULL_CONVERSION = YES;
				CLANG_WARN_OBJC_IMPLICIT_RETAIN_SELF = YES;
				CLANG_WARN_OBJC_LITERAL_CONVERSION = YES;
				CLANG_WARN_OBJC_ROOT_CLASS = YES_ERROR;
				CLANG_WARN_QUOTED_INCLUDE_IN_FRAMEWORK_HEADER = YES;
				CLANG_WARN_RANGE_LOOP_ANALYSIS = YES;
				CLANG_WARN_STRICT_PROTOTYPES = YES;
				CLANG_WARN_SUSPICIOUS_MOVE = YES;
				CLANG_WARN_UNGUARDED_AVAILABILITY = YES_AGGRESSIVE;
				CLANG_WARN_UNREACHABLE_CODE = YES;
				CLANG_WARN__DUPLICATE_METHOD_MATCH = YES;
				COPY_PHASE_STRIP = NO;
				DEBUG_INFORMATION_FORMAT = "dwarf-with-dsym";
				ENABLE_NS_ASSERTIONS = NO;
				ENABLE_STRICT_OBJC_MSGSEND = YES;
				ENABLE_USER_SCRIPT_SANDBOXING = YES;
				GCC_C_LANGUAGE_STANDARD = gnu17;
				GCC_NO_COMMON_BLOCKS = YES;
				GCC_WARN_64_TO_32_BIT_CONVERSION = YES;
				GCC_WARN_ABOUT_RETURN_TYPE = YES_ERROR;
				GCC_WARN_UNDECLARED_SELECTOR = YES;
				GCC_WARN_UNINITIALIZED_AUTOS = YES_AGGRESSIVE;
				GCC_WARN_UNUSED_FUNCTION = YES;
				GCC_WARN_UNUSED_VARIABLE = YES;
				IPHONEOS_DEPLOYMENT_TARGET = 17.5;
				LOCALIZATION_PREFERS_STRING_CATALOGS = YES;
				MTL_ENABLE_DEBUG_INFO = NO;
				MTL_FAST_MATH = YES;
				SDKROOT = iphoneos;
				SWIFT_COMPILATION_MODE = wholemodule;
				VALIDATE_PRODUCT = YES;
			};
			name = Release;
		};
		E17EB2832C9A98880071A031 /* Debug */ = {
			isa = XCBuildConfiguration;
			buildSettings = {
				ASSETCATALOG_COMPILER_APPICON_NAME = AppIcon;
				ASSETCATALOG_COMPILER_GLOBAL_ACCENT_COLOR_NAME = AccentColor;
				CLANG_USE_OPTIMIZATION_PROFILE = NO;
				CODE_SIGN_STYLE = Automatic;
				CURRENT_PROJECT_VERSION = 1;
				DEVELOPMENT_ASSET_PATHS = "\"Ecommerce/Preview Content\"";
				ENABLE_PREVIEWS = YES;
				GENERATE_INFOPLIST_FILE = YES;
				INFOPLIST_KEY_UIApplicationSceneManifest_Generation = YES;
				INFOPLIST_KEY_UIApplicationSupportsIndirectInputEvents = YES;
				INFOPLIST_KEY_UILaunchScreen_Generation = YES;
				INFOPLIST_KEY_UISupportedInterfaceOrientations_iPad = "UIInterfaceOrientationPortrait UIInterfaceOrientationPortraitUpsideDown UIInterfaceOrientationLandscapeLeft UIInterfaceOrientationLandscapeRight";
				INFOPLIST_KEY_UISupportedInterfaceOrientations_iPhone = "UIInterfaceOrientationPortrait UIInterfaceOrientationLandscapeLeft UIInterfaceOrientationLandscapeRight";
				LD_RUNPATH_SEARCH_PATHS = (
					"$(inherited)",
					"@executable_path/Frameworks",
				);
				MARKETING_VERSION = 1.0;
				PRODUCT_BUNDLE_IDENTIFIER = com.ACTE.Ecommerce;
				PRODUCT_NAME = "$(TARGET_NAME)";
				SWIFT_EMIT_LOC_STRINGS = YES;
				SWIFT_VERSION = 5.0;
				TARGETED_DEVICE_FAMILY = "1,2";
			};
			name = Debug;
		};
		E17EB2842C9A98880071A031 /* Release */ = {
			isa = XCBuildConfiguration;
			buildSettings = {
				ASSETCATALOG_COMPILER_APPICON_NAME = AppIcon;
				ASSETCATALOG_COMPILER_GLOBAL_ACCENT_COLOR_NAME = AccentColor;
				CLANG_USE_OPTIMIZATION_PROFILE = NO;
				CODE_SIGN_STYLE = Automatic;
				CURRENT_PROJECT_VERSION = 1;
				DEVELOPMENT_ASSET_PATHS = "\"Ecommerce/Preview Content\"";
				ENABLE_PREVIEWS = YES;
				GENERATE_INFOPLIST_FILE = YES;
				INFOPLIST_KEY_UIApplicationSceneManifest_Generation = YES;
				INFOPLIST_KEY_UIApplicationSupportsIndirectInputEvents = YES;
				INFOPLIST_KEY_UILaunchScreen_Generation = YES;
				INFOPLIST_KEY_UISupportedInterfaceOrientations_iPad = "UIInterfaceOrientationPortrait UIInterfaceOrientationPortraitUpsideDown UIInterfaceOrientationLandscapeLeft UIInterfaceOrientationLandscapeRight";
				INFOPLIST_KEY_UISupportedInterfaceOrientations_iPhone = "UIInterfaceOrientationPortrait UIInterfaceOrientationLandscapeLeft UIInterfaceOrientationLandscapeRight";
				LD_RUNPATH_SEARCH_PATHS = (
					"$(inherited)",
					"@executable_path/Frameworks",
				);
				MARKETING_VERSION = 1.0;
				PRODUCT_BUNDLE_IDENTIFIER = com.ACTE.Ecommerce;
				PRODUCT_NAME = "$(TARGET_NAME)";
				SWIFT_EMIT_LOC_STRINGS = YES;
				SWIFT_VERSION = 5.0;
				TARGETED_DEVICE_FAMILY = "1,2";
			};
			name = Release;
		};
		E17EB2862C9A98880071A031 /* Debug */ = {
			isa = XCBuildConfiguration;
			buildSettings = {
				ALWAYS_EMBED_SWIFT_STANDARD_LIBRARIES = YES;
				BUNDLE_LOADER = "$(TEST_HOST)";
				CODE_SIGN_STYLE = Automatic;
				CURRENT_PROJECT_VERSION = 1;
				GENERATE_INFOPLIST_FILE = YES;
				IPHONEOS_DEPLOYMENT_TARGET = 17.5;
				MARKETING_VERSION = 1.0;
				PRODUCT_BUNDLE_IDENTIFIER = com.ACTE.EcommerceTests;
				PRODUCT_NAME = "$(TARGET_NAME)";
				SWIFT_EMIT_LOC_STRINGS = NO;
				SWIFT_VERSION = 5.0;
				TARGETED_DEVICE_FAMILY = "1,2";
				TEST_HOST = "$(BUILT_PRODUCTS_DIR)/Ecommerce.app/$(BUNDLE_EXECUTABLE_FOLDER_PATH)/Ecommerce";
			};
			name = Debug;
		};
		E17EB2872C9A98880071A031 /* Release */ = {
			isa = XCBuildConfiguration;
			buildSettings = {
				ALWAYS_EMBED_SWIFT_STANDARD_LIBRARIES = YES;
				BUNDLE_LOADER = "$(TEST_HOST)";
				CODE_SIGN_STYLE = Automatic;
				CURRENT_PROJECT_VERSION = 1;
				GENERATE_INFOPLIST_FILE = YES;
				IPHONEOS_DEPLOYMENT_TARGET = 17.5;
				MARKETING_VERSION = 1.0;
				PRODUCT_BUNDLE_IDENTIFIER = com.ACTE.EcommerceTests;
				PRODUCT_NAME = "$(TARGET_NAME)";
				SWIFT_EMIT_LOC_STRINGS = NO;
				SWIFT_VERSION = 5.0;
				TARGETED_DEVICE_FAMILY = "1,2";
				TEST_HOST = "$(BUILT_PRODUCTS_DIR)/Ecommerce.app/$(BUNDLE_EXECUTABLE_FOLDER_PATH)/Ecommerce";
			};
			name = Release;
		};
		E17EB2892C9A98880071A031 /* Debug */ = {
			isa = XCBuildConfiguration;
			buildSettings = {
				ALWAYS_EMBED_SWIFT_STANDARD_LIBRARIES = YES;
				CODE_SIGN_STYLE = Automatic;
				CURRENT_PROJECT_VERSION = 1;
				GENERATE_INFOPLIST_FILE = YES;
				MARKETING_VERSION = 1.0;
				PRODUCT_BUNDLE_IDENTIFIER = com.ACTE.EcommerceUITests;
				PRODUCT_NAME = "$(TARGET_NAME)";
				SWIFT_EMIT_LOC_STRINGS = NO;
				SWIFT_VERSION = 5.0;
				TARGETED_DEVICE_FAMILY = "1,2";
				TEST_TARGET_NAME = Ecommerce;
			};
			name = Debug;
		};
		E17EB28A2C9A98880071A031 /* Release */ = {
			isa = XCBuildConfiguration;
			buildSettings = {
				ALWAYS_EMBED_SWIFT_STANDARD_LIBRARIES = YES;
				CODE_SIGN_STYLE = Automatic;
				CURRENT_PROJECT_VERSION = 1;
				GENERATE_INFOPLIST_FILE = YES;
				MARKETING_VERSION = 1.0;
				PRODUCT_BUNDLE_IDENTIFIER = com.ACTE.EcommerceUITests;
				PRODUCT_NAME = "$(TARGET_NAME)";
				SWIFT_EMIT_LOC_STRINGS = NO;
				SWIFT_VERSION = 5.0;
				TARGETED_DEVICE_FAMILY = "1,2";
				TEST_TARGET_NAME = Ecommerce;
			};
			name = Release;
		};
/* End XCBuildConfiguration section */

/* Begin XCConfigurationList section */
		E17EB2592C9A98850071A031 /* Build configuration list for PBXProject "Ecommerce" */ = {
			isa = XCConfigurationList;
			buildConfigurations = (
				E17EB2802C9A98880071A031 /* Debug */,
				E17EB2812C9A98880071A031 /* Release */,
			);
			defaultConfigurationIsVisible = 0;
			defaultConfigurationName = Release;
		};
		E17EB2822C9A98880071A031 /* Build configuration list for PBXNativeTarget "Ecommerce" */ = {
			isa = XCConfigurationList;
			buildConfigurations = (
				E17EB2832C9A98880071A031 /* Debug */,
				E17EB2842C9A98880071A031 /* Release */,
			);
			defaultConfigurationIsVisible = 0;
			defaultConfigurationName = Release;
		};
		E17EB2852C9A98880071A031 /* Build configuration list for PBXNativeTarget "EcommerceTests" */ = {
			isa = XCConfigurationList;
			buildConfigurations = (
				E17EB2862C9A98880071A031 /* Debug */,
				E17EB2872C9A98880071A031 /* Release */,
			);
			defaultConfigurationIsVisible = 0;
			defaultConfigurationName = Release;
		};
		E17EB2882C9A98880071A031 /* Build configuration list for PBXNativeTarget "EcommerceUITests" */ = {
			isa = XCConfigurationList;
			buildConfigurations = (
				E17EB2892C9A98880071A031 /* Debug */,
				E17EB28A2C9A98880071A031 /* Release */,
			);
			defaultConfigurationIsVisible = 0;
			defaultConfigurationName = Release;
		};
/* End XCConfigurationList section */
	};
	rootObject = E17EB2562C9A98850071A031 /* Project object */;
}
